
Microsoft Visual Studio Solution File, Format Version 12.00
# Visual Studio 15
Project("{FAE04EC0-301F-11D3-BF4B-00C04F79EFBC}") = "Assembly-CSharp", "Assembly-CSharp.csproj", "{200F8B9B-D485-702C-CEA8-28F93932524D}"
EndProject
Project("{FAE04EC0-301F-11D3-BF4B-00C04F79EFBC}") = "Assembly-CSharp-Editor", "Assembly-CSharp-Editor.csproj", "{680CB954-228F-C334-8BA9-A30C4FAA2CED}"
EndProject
Global
	GlobalSection(SolutionConfigurationPlatforms) = preSolution
		Debug|Any CPU = Debug|Any CPU
		Release|Any CPU = Release|Any CPU
	EndGlobalSection
	GlobalSection(ProjectConfigurationPlatforms) = postSolution
		{200F8B9B-D485-702C-CEA8-28F93932524D}.Debug|Any CPU.ActiveCfg = Debug|Any CPU
		{200F8B9B-D485-702C-CEA8-28F93932524D}.Debug|Any CPU.Build.0 = Debug|Any CPU
		{200F8B9B-D485-702C-CEA8-28F93932524D}.Release|Any CPU.ActiveCfg = Release|Any CPU
		{200F8B9B-D485-702C-CEA8-28F93932524D}.Release|Any CPU.Build.0 = Release|Any CPU
		{680CB954-228F-C334-8BA9-A30C4FAA2CED}.Debug|Any CPU.ActiveCfg = Debug|Any CPU
		{680CB954-228F-C334-8BA9-A30C4FAA2CED}.Debug|Any CPU.Build.0 = Debug|Any CPU
		{680CB954-228F-C334-8BA9-A30C4FAA2CED}.Release|Any CPU.ActiveCfg = Release|Any CPU
		{680CB954-228F-C334-8BA9-A30C4FAA2CED}.Release|Any CPU.Build.0 = Release|Any CPU
	EndGlobalSection
	GlobalSection(SolutionProperties) = preSolution
		HideSolutionNode = FALSE
	EndGlobalSection
EndGlobal
